// !$*UTF8*$!
{
	archiveVersion = 1;
	classes = {
	};
	objectVersion = 77;
	objects = {

/* Begin PBXContainerItemProxy section */
		E14A5ACF2D7267DD00AA7644 /* PBXContainerItemProxy */ = {
			isa = PBXContainerItemProxy;
			containerPortal = E14A5AB62D7267DB00AA7644 /* Project object */;
			proxyType = 1;
			remoteGlobalIDString = E14A5ABD2D7267DB00AA7644;
			remoteInfo = BetFreeApp;
		};
		E14A5AD92D7267DD00AA7644 /* PBXContainerItemProxy */ = {
			isa = PBXContainerItemProxy;
			containerPortal = E14A5AB62D7267DB00AA7644 /* Project object */;
			proxyType = 1;
			remoteGlobalIDString = E14A5ABD2D7267DB00AA7644;
			remoteInfo = BetFreeApp;
		};
/* End PBXContainerItemProxy section */

/* Begin PBXFileReference section */
		E14A5ABE2D7267DB00AA7644 /* BetFreeApp.app */ = {isa = PBXFileReference; explicitFileType = wrapper.application; includeInIndex = 0; path = BetFreeApp.app; sourceTree = BUILT_PRODUCTS_DIR; };
		E14A5ACE2D7267DD00AA7644 /* BetFreeAppTests.xctest */ = {isa = PBXFileReference; explicitFileType = wrapper.cfbundle; includeInIndex = 0; path = BetFreeAppTests.xctest; sourceTree = BUILT_PRODUCTS_DIR; };
		E14A5AD82D7267DD00AA7644 /* BetFreeAppUITests.xctest */ = {isa = PBXFileReference; explicitFileType = wrapper.cfbundle; includeInIndex = 0; path = BetFreeAppUITests.xctest; sourceTree = BUILT_PRODUCTS_DIR; };
/* End PBXFileReference section */

/* Begin PBXFileSystemSynchronizedBuildFileExceptionSet section */
		E14A5B002D72733400AA7644 /* Exceptions for "BetFreeApp" folder in "BetFreeApp" target */ = {
			isa = PBXFileSystemSynchronizedBuildFileExceptionSet;
			membershipExceptions = (
				Documentation/OnboardingDocumentation.md,
			);
			target = E14A5ABD2D7267DB00AA7644 /* BetFreeApp */;
		};
/* End PBXFileSystemSynchronizedBuildFileExceptionSet section */

/* Begin PBXFileSystemSynchronizedRootGroup section */
		E14A5AC02D7267DB00AA7644 /* BetFreeApp */ = {
			isa = PBXFileSystemSynchronizedRootGroup;
			exceptions = (
				E14A5B002D72733400AA7644 /* Exceptions for "BetFreeApp" folder in "BetFreeApp" target */,
			);
			path = BetFreeApp;
			sourceTree = "<group>";
		};
		E14A5AD12D7267DD00AA7644 /* BetFreeAppTests */ = {
			isa = PBXFileSystemSynchronizedRootGroup;
			path = BetFreeAppTests;
			sourceTree = "<group>";
		};
		E14A5ADB2D7267DD00AA7644 /* BetFreeAppUITests */ = {
			isa = PBXFileSystemSynchronizedRootGroup;
			path = BetFreeAppUITests;
			sourceTree = "<group>";
		};
/* End PBXFileSystemSynchronizedRootGroup section */

/* Begin PBXFrameworksBuildPhase section */
		E14A5ABB2D7267DB00AA7644 /* Frameworks */ = {
			isa = PBXFrameworksBuildPhase;
			buildActionMask = 2147483647;
			files = (
			);
			runOnlyForDeploymentPostprocessing = 0;
		};
		E14A5ACB2D7267DD00AA7644 /* Frameworks */ = {
			isa = PBXFrameworksBuildPhase;
			buildActionMask = 2147483647;
			files = (
			);
			runOnlyForDeploymentPostprocessing = 0;
		};
		E14A5AD52D7267DD00AA7644 /* Frameworks */ = {
			isa = PBXFrameworksBuildPhase;
			buildActionMask = 2147483647;
			files = (
			);
			runOnlyForDeploymentPostprocessing = 0;
		};
/* End PBXFrameworksBuildPhase section */

/* Begin PBXGroup section */
		E14A5AB52D7267DB00AA7644 = {
			isa = PBXGroup;
			children = (
				E14A5AC02D7267DB00AA7644 /* BetFreeApp */,
				E14A5AD12D7267DD00AA7644 /* BetFreeAppTests */,
				E14A5ADB2D7267DD00AA7644 /* BetFreeAppUITests */,
				E14A5ABF2D7267DB00AA7644 /* Products */,
			);
			sourceTree = "<group>";
		};
		E14A5ABF2D7267DB00AA7644 /* Products */ = {
			isa = PBXGroup;
			children = (
				E14A5ABE2D7267DB00AA7644 /* BetFreeApp.app */,
				E14A5ACE2D7267DD00AA7644 /* BetFreeAppTests.xctest */,
				E14A5AD82D7267DD00AA7644 /* BetFreeAppUITests.xctest */,
			);
			name = Products;
			sourceTree = "<group>";
		};
/* End PBXGroup section */

/* Begin PBXNativeTarget section */
		E14A5ABD2D7267DB00AA7644 /* BetFreeApp */ = {
			isa = PBXNativeTarget;
			buildConfigurationList = E14A5AE22D7267DD00AA7644 /* Build configuration list for PBXNativeTarget "BetFreeApp" */;
			buildPhases = (
				E14A5ABA2D7267DB00AA7644 /* Sources */,
				E14A5ABB2D7267DB00AA7644 /* Frameworks */,
				E14A5ABC2D7267DB00AA7644 /* Resources */,
			);
			buildRules = (
			);
			dependencies = (
			);
			fileSystemSynchronizedGroups = (
				E14A5AC02D7267DB00AA7644 /* BetFreeApp */,
			);
			name = BetFreeApp;
			packageProductDependencies = (
			);
			productName = BetFreeApp;
			productReference = E14A5ABE2D7267DB00AA7644 /* BetFreeApp.app */;
			productType = "com.apple.product-type.application";
		};
		E14A5ACD2D7267DD00AA7644 /* BetFreeAppTests */ = {
			isa = PBXNativeTarget;
			buildConfigurationList = E14A5AE52D7267DD00AA7644 /* Build configuration list for PBXNativeTarget "BetFreeAppTests" */;
			buildPhases = (
				E14A5ACA2D7267DD00AA7644 /* Sources */,
				E14A5ACB2D7267DD00AA7644 /* Frameworks */,
				E14A5ACC2D7267DD00AA7644 /* Resources */,
			);
			buildRules = (
			);
			dependencies = (
				E14A5AD02D7267DD00AA7644 /* PBXTargetDependency */,
			);
			fileSystemSynchronizedGroups = (
				E14A5AD12D7267DD00AA7644 /* BetFreeAppTests */,
			);
			name = BetFreeAppTests;
			packageProductDependencies = (
			);
			productName = BetFreeAppTests;
			productReference = E14A5ACE2D7267DD00AA7644 /* BetFreeAppTests.xctest */;
			productType = "com.apple.product-type.bundle.unit-test";
		};
		E14A5AD72D7267DD00AA7644 /* BetFreeAppUITests */ = {
			isa = PBXNativeTarget;
			buildConfigurationList = E14A5AE82D7267DD00AA7644 /* Build configuration list for PBXNativeTarget "BetFreeAppUITests" */;
			buildPhases = (
				E14A5AD42D7267DD00AA7644 /* Sources */,
				E14A5AD52D7267DD00AA7644 /* Frameworks */,
				E14A5AD62D7267DD00AA7644 /* Resources */,
			);
			buildRules = (
			);
			dependencies = (
				E14A5ADA2D7267DD00AA7644 /* PBXTargetDependency */,
			);
			fileSystemSynchronizedGroups = (
				E14A5ADB2D7267DD00AA7644 /* BetFreeAppUITests */,
			);
			name = BetFreeAppUITests;
			packageProductDependencies = (
			);
			productName = BetFreeAppUITests;
			productReference = E14A5AD82D7267DD00AA7644 /* BetFreeAppUITests.xctest */;
			productType = "com.apple.product-type.bundle.ui-testing";
		};
/* End PBXNativeTarget section */

/* Begin PBXProject section */
		E14A5AB62D7267DB00AA7644 /* Project object */ = {
			isa = PBXProject;
			attributes = {
				BuildIndependentTargetsInParallel = 1;
				LastSwiftUpdateCheck = 1620;
				LastUpgradeCheck = 1620;
				TargetAttributes = {
					E14A5ABD2D7267DB00AA7644 = {
						CreatedOnToolsVersion = 16.2;
					};
					E14A5ACD2D7267DD00AA7644 = {
						CreatedOnToolsVersion = 16.2;
						TestTargetID = E14A5ABD2D7267DB00AA7644;
					};
					E14A5AD72D7267DD00AA7644 = {
						CreatedOnToolsVersion = 16.2;
						TestTargetID = E14A5ABD2D7267DB00AA7644;
					};
				};
			};
			buildConfigurationList = E14A5AB92D7267DB00AA7644 /* Build configuration list for PBXProject "BetFreeApp" */;
			developmentRegion = en;
			hasScannedForEncodings = 0;
			knownRegions = (
				en,
				Base,
			);
			mainGroup = E14A5AB52D7267DB00AA7644;
			minimizedProjectReferenceProxies = 1;
			preferredProjectObjectVersion = 77;
			productRefGroup = E14A5ABF2D7267DB00AA7644 /* Products */;
			projectDirPath = "";
			projectRoot = "";
			targets = (
				E14A5ABD2D7267DB00AA7644 /* BetFreeApp */,
				E14A5ACD2D7267DD00AA7644 /* BetFreeAppTests */,
				E14A5AD72D7267DD00AA7644 /* BetFreeAppUITests */,
			);
		};
/* End PBXProject section */

/* Begin PBXResourcesBuildPhase section */
		E14A5ABC2D7267DB00AA7644 /* Resources */ = {
			isa = PBXResourcesBuildPhase;
			buildActionMask = 2147483647;
			files = (
			);
			runOnlyForDeploymentPostprocessing = 0;
		};
		E14A5ACC2D7267DD00AA7644 /* Resources */ = {
			isa = PBXResourcesBuildPhase;
			buildActionMask = 2147483647;
			files = (
			);
			runOnlyForDeploymentPostprocessing = 0;
		};
		E14A5AD62D7267DD00AA7644 /* Resources */ = {
			isa = PBXResourcesBuildPhase;
			buildActionMask = 2147483647;
			files = (
			);
			runOnlyForDeploymentPostprocessing = 0;
		};
/* End PBXResourcesBuildPhase section */

/* Begin PBXSourcesBuildPhase section */
		E14A5ABA2D7267DB00AA7644 /* Sources */ = {
			isa = PBXSourcesBuildPhase;
			buildActionMask = 2147483647;
			files = (
			);
			runOnlyForDeploymentPostprocessing = 0;
		};
		E14A5ACA2D7267DD00AA7644 /* Sources */ = {
			isa = PBXSourcesBuildPhase;
			buildActionMask = 2147483647;
			files = (
			);
			runOnlyForDeploymentPostprocessing = 0;
		};
		E14A5AD42D7267DD00AA7644 /* Sources */ = {
			isa = PBXSourcesBuildPhase;
			buildActionMask = 2147483647;
			files = (
			);
			runOnlyForDeploymentPostprocessing = 0;
		};
/* End PBXSourcesBuildPhase section */

/* Begin PBXTargetDependency section */
		E14A5AD02D7267DD00AA7644 /* PBXTargetDependency */ = {
			isa = PBXTargetDependency;
			target = E14A5ABD2D7267DB00AA7644 /* BetFreeApp */;
			targetProxy = E14A5ACF2D7267DD00AA7644 /* PBXContainerItemProxy */;
		};
		E14A5ADA2D7267DD00AA7644 /* PBXTargetDependency */ = {
			isa = PBXTargetDependency;
			target = E14A5ABD2D7267DB00AA7644 /* BetFreeApp */;
			targetProxy = E14A5AD92D7267DD00AA7644 /* PBXContainerItemProxy */;
		};
/* End PBXTargetDependency section */

/* Begin XCBuildConfiguration section */
		E14A5AE02D7267DD00AA7644 /* Debug */ = {
			isa = XCBuildConfiguration;
			buildSettings = {
				ALWAYS_SEARCH_USER_PATHS = NO;
				ASSETCATALOG_COMPILER_GENERATE_SWIFT_ASSET_SYMBOL_EXTENSIONS = YES;
				CLANG_ANALYZER_NONNULL = YES;
				CLANG_ANALYZER_NUMBER_OBJECT_CONVERSION = YES_AGGRESSIVE;
				CLANG_CXX_LANGUAGE_STANDARD = "gnu++20";
				CLANG_ENABLE_MODULES = YES;
				CLANG_ENABLE_OBJC_ARC = YES;
				CLANG_ENABLE_OBJC_WEAK = YES;
				CLANG_WARN_BLOCK_CAPTURE_AUTORELEASING = YES;
				CLANG_WARN_BOOL_CONVERSION = YES;
				CLANG_WARN_COMMA = YES;
				CLANG_WARN_CONSTANT_CONVERSION = YES;
				CLANG_WARN_DEPRECATED_OBJC_IMPLEMENTATIONS = YES;
				CLANG_WARN_DIRECT_OBJC_ISA_USAGE = YES_ERROR;
				CLANG_WARN_DOCUMENTATION_COMMENTS = YES;
				CLANG_WARN_EMPTY_BODY = YES;
				CLANG_WARN_ENUM_CONVERSION = YES;
				CLANG_WARN_INFINITE_RECURSION = YES;
				CLANG_WARN_INT_CONVERSION = YES;
				CLANG_WARN_NON_LITERAL_NULL_CONVERSION = YES;
				CLANG_WARN_OBJC_IMPLICIT_RETAIN_SELF = YES;
				CLANG_WARN_OBJC_LITERAL_CONVERSION = YES;
				CLANG_WARN_OBJC_ROOT_CLASS = YES_ERROR;
				CLANG_WARN_QUOTED_INCLUDE_IN_FRAMEWORK_HEADER = YES;
				CLANG_WARN_RANGE_LOOP_ANALYSIS = YES;
				CLANG_WARN_STRICT_PROTOTYPES = YES;
				CLANG_WARN_SUSPICIOUS_MOVE = YES;
				CLANG_WARN_UNGUARDED_AVAILABILITY = YES_AGGRESSIVE;
				CLANG_WARN_UNREACHABLE_CODE = YES;
				CLANG_WARN__DUPLICATE_METHOD_MATCH = YES;
				COPY_PHASE_STRIP = NO;
				DEBUG_INFORMATION_FORMAT = dwarf;
				ENABLE_STRICT_OBJC_MSGSEND = YES;
				ENABLE_TESTABILITY = YES;
				ENABLE_USER_SCRIPT_SANDBOXING = YES;
				GCC_C_LANGUAGE_STANDARD = gnu17;
				GCC_DYNAMIC_NO_PIC = NO;
				GCC_NO_COMMON_BLOCKS = YES;
				GCC_OPTIMIZATION_LEVEL = 0;
				GCC_PREPROCESSOR_DEFINITIONS = (
					"DEBUG=1",
					"$(inherited)",
				);
				GCC_WARN_64_TO_32_BIT_CONVERSION = YES;
				GCC_WARN_ABOUT_RETURN_TYPE = YES_ERROR;
				GCC_WARN_UNDECLARED_SELECTOR = YES;
				GCC_WARN_UNINITIALIZED_AUTOS = YES_AGGRESSIVE;
				GCC_WARN_UNUSED_FUNCTION = YES;
				GCC_WARN_UNUSED_VARIABLE = YES;
				IPHONEOS_DEPLOYMENT_TARGET = 18.2;
				LOCALIZATION_PREFERS_STRING_CATALOGS = YES;
				MTL_ENABLE_DEBUG_INFO = INCLUDE_SOURCE;
				MTL_FAST_MATH = YES;
				ONLY_ACTIVE_ARCH = YES;
				SDKROOT = iphoneos;
				SWIFT_ACTIVE_COMPILATION_CONDITIONS = "DEBUG $(inherited)";
				SWIFT_OPTIMIZATION_LEVEL = "-Onone";
			};
			name = Debug;
		};
		E14A5AE12D7267DD00AA7644 /* Release */ = {
			isa = XCBuildConfiguration;
			buildSettings = {
				ALWAYS_SEARCH_USER_PATHS = NO;
				ASSETCATALOG_COMPILER_GENERATE_SWIFT_ASSET_SYMBOL_EXTENSIONS = YES;
				CLANG_ANALYZER_NONNULL = YES;
				CLANG_ANALYZER_NUMBER_OBJECT_CONVERSION = YES_AGGRESSIVE;
				CLANG_CXX_LANGUAGE_STANDARD = "gnu++20";
				CLANG_ENABLE_MODULES = YES;
				CLANG_ENABLE_OBJC_ARC = YES;
				CLANG_ENABLE_OBJC_WEAK = YES;
				CLANG_WARN_BLOCK_CAPTURE_AUTORELEASING = YES;
				CLANG_WARN_BOOL_CONVERSION = YES;
				CLANG_WARN_COMMA = YES;
				CLANG_WARN_CONSTANT_CONVERSION = YES;
				CLANG_WARN_DEPRECATED_OBJC_IMPLEMENTATIONS = YES;
				CLANG_WARN_DIRECT_OBJC_ISA_USAGE = YES_ERROR;
				CLANG_WARN_DOCUMENTATION_COMMENTS = YES;
				CLANG_WARN_EMPTY_BODY = YES;
				CLANG_WARN_ENUM_CONVERSION = YES;
				CLANG_WARN_INFINITE_RECURSION = YES;
				CLANG_WARN_INT_CONVERSION = YES;
				CLANG_WARN_NON_LITERAL_NULL_CONVERSION = YES;
				CLANG_WARN_OBJC_IMPLICIT_RETAIN_SELF = YES;
				CLANG_WARN_OBJC_LITERAL_CONVERSION = YES;
				CLANG_WARN_OBJC_ROOT_CLASS = YES_ERROR;
				CLANG_WARN_QUOTED_INCLUDE_IN_FRAMEWORK_HEADER = YES;
				CLANG_WARN_RANGE_LOOP_ANALYSIS = YES;
				CLANG_WARN_STRICT_PROTOTYPES = YES;
				CLANG_WARN_SUSPICIOUS_MOVE = YES;
				CLANG_WARN_UNGUARDED_AVAILABILITY = YES_AGGRESSIVE;
				CLANG_WARN_UNREACHABLE_CODE = YES;
				CLANG_WARN__DUPLICATE_METHOD_MATCH = YES;
				COPY_PHASE_STRIP = NO;
				DEBUG_INFORMATION_FORMAT = "dwarf-with-dsym";
				ENABLE_NS_ASSERTIONS = NO;
				ENABLE_STRICT_OBJC_MSGSEND = YES;
				ENABLE_USER_SCRIPT_SANDBOXING = YES;
				GCC_C_LANGUAGE_STANDARD = gnu17;
				GCC_NO_COMMON_BLOCKS = YES;
				GCC_WARN_64_TO_32_BIT_CONVERSION = YES;
				GCC_WARN_ABOUT_RETURN_TYPE = YES_ERROR;
				GCC_WARN_UNDECLARED_SELECTOR = YES;
				GCC_WARN_UNINITIALIZED_AUTOS = YES_AGGRESSIVE;
				GCC_WARN_UNUSED_FUNCTION = YES;
				GCC_WARN_UNUSED_VARIABLE = YES;
				IPHONEOS_DEPLOYMENT_TARGET = 18.2;
				LOCALIZATION_PREFERS_STRING_CATALOGS = YES;
				MTL_ENABLE_DEBUG_INFO = NO;
				MTL_FAST_MATH = YES;
				SDKROOT = iphoneos;
				SWIFT_COMPILATION_MODE = wholemodule;
				VALIDATE_PRODUCT = YES;
			};
			name = Release;
		};
		E14A5AE32D7267DD00AA7644 /* Debug */ = {
			isa = XCBuildConfiguration;
			buildSettings = {
				ASSETCATALOG_COMPILER_APPICON_NAME = AppIcon;
				ASSETCATALOG_COMPILER_GLOBAL_ACCENT_COLOR_NAME = AccentColor;
				CODE_SIGN_STYLE = Automatic;
				CURRENT_PROJECT_VERSION = 1;
				DEVELOPMENT_ASSET_PATHS = "\"BetFreeApp/Preview Content\"";
				DEVELOPMENT_TEAM = R8TRWNSA3C;
				ENABLE_PREVIEWS = YES;
				GENERATE_INFOPLIST_FILE = YES;
				INFOPLIST_KEY_UIApplicationSceneManifest_Generation = YES;
				INFOPLIST_KEY_UIApplicationSupportsIndirectInputEvents = YES;
				INFOPLIST_KEY_UILaunchScreen_Generation = YES;
				INFOPLIST_KEY_UISupportedInterfaceOrientations_iPad = "UIInterfaceOrientationPortrait UIInterfaceOrientationPortraitUpsideDown UIInterfaceOrientationLandscapeLeft UIInterfaceOrientationLandscapeRight";
				INFOPLIST_KEY_UISupportedInterfaceOrientations_iPhone = "UIInterfaceOrientationPortrait UIInterfaceOrientationLandscapeLeft UIInterfaceOrientationLandscapeRight";
				LD_RUNPATH_SEARCH_PATHS = (
					"$(inherited)",
					"@executable_path/Frameworks",
				);
				MARKETING_VERSION = 1.0;
				PRODUCT_BUNDLE_IDENTIFIER = btfree.BetFreeApp;
				PRODUCT_NAME = "$(TARGET_NAME)";
				SWIFT_EMIT_LOC_STRINGS = YES;
				SWIFT_VERSION = 5.0;
				TARGETED_DEVICE_FAMILY = "1,2";
			};
			name = Debug;
		};
		E14A5AE42D7267DD00AA7644 /* Release */ = {
			isa = XCBuildConfiguration;
			buildSettings = {
				ASSETCATALOG_COMPILER_APPICON_NAME = AppIcon;
				ASSETCATALOG_COMPILER_GLOBAL_ACCENT_COLOR_NAME = AccentColor;
				CODE_SIGN_STYLE = Automatic;
				CURRENT_PROJECT_VERSION = 1;
				DEVELOPMENT_ASSET_PATHS = "\"BetFreeApp/Preview Content\"";
				DEVELOPMENT_TEAM = R8TRWNSA3C;
				ENABLE_PREVIEWS = YES;
				GENERATE_INFOPLIST_FILE = YES;
				INFOPLIST_KEY_UIApplicationSceneManifest_Generation = YES;
				INFOPLIST_KEY_UIApplicationSupportsIndirectInputEvents = YES;
				INFOPLIST_KEY_UILaunchScreen_Generation = YES;
				INFOPLIST_KEY_UISupportedInterfaceOrientations_iPad = "UIInterfaceOrientationPortrait UIInterfaceOrientationPortraitUpsideDown UIInterfaceOrientationLandscapeLeft UIInterfaceOrientationLandscapeRight";
				INFOPLIST_KEY_UISupportedInterfaceOrientations_iPhone = "UIInterfaceOrientationPortrait UIInterfaceOrientationLandscapeLeft UIInterfaceOrientationLandscapeRight";
				LD_RUNPATH_SEARCH_PATHS = (
					"$(inherited)",
					"@executable_path/Frameworks",
				);
				MARKETING_VERSION = 1.0;
				PRODUCT_BUNDLE_IDENTIFIER = btfree.BetFreeApp;
				PRODUCT_NAME = "$(TARGET_NAME)";
				SWIFT_EMIT_LOC_STRINGS = YES;
				SWIFT_VERSION = 5.0;
				TARGETED_DEVICE_FAMILY = "1,2";
			};
			name = Release;
		};
		E14A5AE62D7267DD00AA7644 /* Debug */ = {
			isa = XCBuildConfiguration;
			buildSettings = {
				BUNDLE_LOADER = "$(TEST_HOST)";
				CODE_SIGN_STYLE = Automatic;
				CURRENT_PROJECT_VERSION = 1;
				DEVELOPMENT_TEAM = R8TRWNSA3C;
				GENERATE_INFOPLIST_FILE = YES;
				IPHONEOS_DEPLOYMENT_TARGET = 18.2;
				MARKETING_VERSION = 1.0;
				PRODUCT_BUNDLE_IDENTIFIER = btfree.BetFreeAppTests;
				PRODUCT_NAME = "$(TARGET_NAME)";
				SWIFT_EMIT_LOC_STRINGS = NO;
				SWIFT_VERSION = 5.0;
				TARGETED_DEVICE_FAMILY = "1,2";
				TEST_HOST = "$(BUILT_PRODUCTS_DIR)/BetFreeApp.app/$(BUNDLE_EXECUTABLE_FOLDER_PATH)/BetFreeApp";
			};
			name = Debug;
		};
		E14A5AE72D7267DD00AA7644 /* Release */ = {
			isa = XCBuildConfiguration;
			buildSettings = {
				BUNDLE_LOADER = "$(TEST_HOST)";
				CODE_SIGN_STYLE = Automatic;
				CURRENT_PROJECT_VERSION = 1;
				DEVELOPMENT_TEAM = R8TRWNSA3C;
				GENERATE_INFOPLIST_FILE = YES;
				IPHONEOS_DEPLOYMENT_TARGET = 18.2;
				MARKETING_VERSION = 1.0;
				PRODUCT_BUNDLE_IDENTIFIER = btfree.BetFreeAppTests;
				PRODUCT_NAME = "$(TARGET_NAME)";
				SWIFT_EMIT_LOC_STRINGS = NO;
				SWIFT_VERSION = 5.0;
				TARGETED_DEVICE_FAMILY = "1,2";
				TEST_HOST = "$(BUILT_PRODUCTS_DIR)/BetFreeApp.app/$(BUNDLE_EXECUTABLE_FOLDER_PATH)/BetFreeApp";
			};
			name = Release;
		};
		E14A5AE92D7267DD00AA7644 /* Debug */ = {
			isa = XCBuildConfiguration;
			buildSettings = {
				CODE_SIGN_STYLE = Automatic;
				CURRENT_PROJECT_VERSION = 1;
				DEVELOPMENT_TEAM = R8TRWNSA3C;
				GENERATE_INFOPLIST_FILE = YES;
				MARKETING_VERSION = 1.0;
				PRODUCT_BUNDLE_IDENTIFIER = btfree.BetFreeAppUITests;
				PRODUCT_NAME = "$(TARGET_NAME)";
				SWIFT_EMIT_LOC_STRINGS = NO;
				SWIFT_VERSION = 5.0;
				TARGETED_DEVICE_FAMILY = "1,2";
				TEST_TARGET_NAME = BetFreeApp;
			};
			name = Debug;
		};
		E14A5AEA2D7267DD00AA7644 /* Release */ = {
			isa = XCBuildConfiguration;
			buildSettings = {
				CODE_SIGN_STYLE = Automatic;
				CURRENT_PROJECT_VERSION = 1;
				DEVELOPMENT_TEAM = R8TRWNSA3C;
				GENERATE_INFOPLIST_FILE = YES;
				MARKETING_VERSION = 1.0;
				PRODUCT_BUNDLE_IDENTIFIER = btfree.BetFreeAppUITests;
				PRODUCT_NAME = "$(TARGET_NAME)";
				SWIFT_EMIT_LOC_STRINGS = NO;
				SWIFT_VERSION = 5.0;
				TARGETED_DEVICE_FAMILY = "1,2";
				TEST_TARGET_NAME = BetFreeApp;
			};
			name = Release;
		};
/* End XCBuildConfiguration section */

/* Begin XCConfigurationList section */
		E14A5AB92D7267DB00AA7644 /* Build configuration list for PBXProject "BetFreeApp" */ = {
			isa = XCConfigurationList;
			buildConfigurations = (
				E14A5AE02D7267DD00AA7644 /* Debug */,
				E14A5AE12D7267DD00AA7644 /* Release */,
			);
			defaultConfigurationIsVisible = 0;
			defaultConfigurationName = Release;
		};
		E14A5AE22D7267DD00AA7644 /* Build configuration list for PBXNativeTarget "BetFreeApp" */ = {
			isa = XCConfigurationList;
			buildConfigurations = (
				E14A5AE32D7267DD00AA7644 /* Debug */,
				E14A5AE42D7267DD00AA7644 /* Release */,
			);
			defaultConfigurationIsVisible = 0;
			defaultConfigurationName = Release;
		};
		E14A5AE52D7267DD00AA7644 /* Build configuration list for PBXNativeTarget "BetFreeAppTests" */ = {
			isa = XCConfigurationList;
			buildConfigurations = (
				E14A5AE62D7267DD00AA7644 /* Debug */,
				E14A5AE72D7267DD00AA7644 /* Release */,
			);
			defaultConfigurationIsVisible = 0;
			defaultConfigurationName = Release;
		};
		E14A5AE82D7267DD00AA7644 /* Build configuration list for PBXNativeTarget "BetFreeAppUITests" */ = {
			isa = XCConfigurationList;
			buildConfigurations = (
				E14A5AE92D7267DD00AA7644 /* Debug */,
				E14A5AEA2D7267DD00AA7644 /* Release */,
			);
			defaultConfigurationIsVisible = 0;
			defaultConfigurationName = Release;
		};
/* End XCConfigurationList section */
	};
	rootObject = E14A5AB62D7267DB00AA7644 /* Project object */;
}
